
Microsoft Visual Studio Solution File, Format Version 10.00
# Visual Studio 2008
Project("{8BC9CEB8-8B4A-11D0-8D11-00A0C91BC942}") = "KingCrab", "KingCrab\KingCrab.vcproj", "{62CE1C98-1615-43C2-87D9-AEA1CAFE09F2}"
EndProject
Project("{8BC9CEB8-8B4A-11D0-8D11-00A0C91BC942}") = "MergeNr", "MergeNr\MergeNr.vcproj", "{1475DB1A-59FD-4562-BDDE-B722A38577D8}"
EndProject
Project("{8BC9CEB8-8B4A-11D0-8D11-00A0C91BC942}") = "FilterNrLt2", "FilterNrLt2\FilterNrLt2.vcproj", "{5AE5A24E-E347-4FE4-AFE6-9ADC65D77B07}"
EndProject
Project("{8BC9CEB8-8B4A-11D0-8D11-00A0C91BC942}") = "StaNrList", "StaNrList\StaNrList.vcproj", "{DD91B7E9-C8D0-4614-9870-666849439419}"
EndProject
Project("{8BC9CEB8-8B4A-11D0-8D11-00A0C91BC942}") = "ExtraNrPair", "ExtraNrPair\ExtraNrPair.vcproj", "{AB22F177-44A5-4BE4-9C78-7B632C18FEB3}"
EndProject
Project("{8BC9CEB8-8B4A-11D0-8D11-00A0C91BC942}") = "StatNrPairList", "StatNrPairList\StatNrPairList.vcproj", "{4D2CF20F-4AF2-4F36-9E52-D738610BB96B}"
EndProject
Global
	GlobalSection(SolutionConfigurationPlatforms) = preSolution
		Debug|Win32 = Debug|Win32
		Release|Win32 = Release|Win32
	EndGlobalSection
	GlobalSection(ProjectConfigurationPlatforms) = postSolution
		{62CE1C98-1615-43C2-87D9-AEA1CAFE09F2}.Debug|Win32.ActiveCfg = Debug|Win32
		{62CE1C98-1615-43C2-87D9-AEA1CAFE09F2}.Debug|Win32.Build.0 = Debug|Win32
		{62CE1C98-1615-43C2-87D9-AEA1CAFE09F2}.Release|Win32.ActiveCfg = Release|Win32
		{62CE1C98-1615-43C2-87D9-AEA1CAFE09F2}.Release|Win32.Build.0 = Release|Win32
		{1475DB1A-59FD-4562-BDDE-B722A38577D8}.Debug|Win32.ActiveCfg = Debug|Win32
		{1475DB1A-59FD-4562-BDDE-B722A38577D8}.Debug|Win32.Build.0 = Debug|Win32
		{1475DB1A-59FD-4562-BDDE-B722A38577D8}.Release|Win32.ActiveCfg = Release|Win32
		{1475DB1A-59FD-4562-BDDE-B722A38577D8}.Release|Win32.Build.0 = Release|Win32
		{5AE5A24E-E347-4FE4-AFE6-9ADC65D77B07}.Debug|Win32.ActiveCfg = Debug|Win32
		{5AE5A24E-E347-4FE4-AFE6-9ADC65D77B07}.Debug|Win32.Build.0 = Debug|Win32
		{5AE5A24E-E347-4FE4-AFE6-9ADC65D77B07}.Release|Win32.ActiveCfg = Release|Win32
		{5AE5A24E-E347-4FE4-AFE6-9ADC65D77B07}.Release|Win32.Build.0 = Release|Win32
		{DD91B7E9-C8D0-4614-9870-666849439419}.Debug|Win32.ActiveCfg = Debug|Win32
		{DD91B7E9-C8D0-4614-9870-666849439419}.Debug|Win32.Build.0 = Debug|Win32
		{DD91B7E9-C8D0-4614-9870-666849439419}.Release|Win32.ActiveCfg = Release|Win32
		{DD91B7E9-C8D0-4614-9870-666849439419}.Release|Win32.Build.0 = Release|Win32
		{AB22F177-44A5-4BE4-9C78-7B632C18FEB3}.Debug|Win32.ActiveCfg = Debug|Win32
		{AB22F177-44A5-4BE4-9C78-7B632C18FEB3}.Debug|Win32.Build.0 = Debug|Win32
		{AB22F177-44A5-4BE4-9C78-7B632C18FEB3}.Release|Win32.ActiveCfg = Release|Win32
		{AB22F177-44A5-4BE4-9C78-7B632C18FEB3}.Release|Win32.Build.0 = Release|Win32
		{4D2CF20F-4AF2-4F36-9E52-D738610BB96B}.Debug|Win32.ActiveCfg = Debug|Win32
		{4D2CF20F-4AF2-4F36-9E52-D738610BB96B}.Debug|Win32.Build.0 = Debug|Win32
		{4D2CF20F-4AF2-4F36-9E52-D738610BB96B}.Release|Win32.ActiveCfg = Release|Win32
		{4D2CF20F-4AF2-4F36-9E52-D738610BB96B}.Release|Win32.Build.0 = Release|Win32
	EndGlobalSection
	GlobalSection(SolutionProperties) = preSolution
		HideSolutionNode = FALSE
	EndGlobalSection
EndGlobal
